{
    "name": "com.swttt.homeyda.sh",
    "version": "0.0.1",
    "lockfileVersion": 1,
    "requires": true,
    "dependencies": {
        "ammo": {
            "version": "https://registry.npmjs.org/ammo/-/ammo-2.0.3.tgz",
            "integrity": "sha1-kUu89lsEPtD1ioqdAZbiUOxR5qc=",
            "requires": {
                "boom": "https://registry.npmjs.org/boom/-/boom-4.2.0.tgz",
                "hoek": "https://registry.npmjs.org/hoek/-/hoek-4.1.0.tgz"
            }
        },
        "athom-api": {
            "version": "2.0.93",
            "resolved": "https://registry.npmjs.org/athom-api/-/athom-api-2.0.93.tgz",
            "integrity": "sha512-AgnN61s9sXIbK/83Gz2WNgnpeLhb3y/ddVF4iyASEPsy6zgXySyYCtdpqB8Te/x+SmFyzhy2vVpp0QjKhvE0CQ=="
        },
        "boom": {
            "version": "https://registry.npmjs.org/boom/-/boom-4.2.0.tgz",
            "integrity": "sha1-wadBdLEfu6Ij9hYtT9iFGhuCpTY=",
            "requires": {
                "hoek": "https://registry.npmjs.org/hoek/-/hoek-4.1.0.tgz"
            }
        },
        "hapi": {
            "version": "https://registry.npmjs.org/hapi/-/hapi-15.2.0.tgz",
            "integrity": "sha1-VwTKLAS2OGwDyvnukB8d4IAxbSM=",
            "requires": {
                "accept": "https://registry.npmjs.org/accept/-/accept-2.1.2.tgz",
                "ammo": "https://registry.npmjs.org/ammo/-/ammo-2.0.2.tgz",
                "boom": "https://registry.npmjs.org/boom/-/boom-4.0.0.tgz",
                "call": "https://registry.npmjs.org/call/-/call-3.0.3.tgz",
                "catbox": "https://registry.npmjs.org/catbox/-/catbox-7.1.2.tgz",
                "catbox-memory": "https://registry.npmjs.org/catbox-memory/-/catbox-memory-2.0.3.tgz",
                "cryptiles": "https://registry.npmjs.org/cryptiles/-/cryptiles-3.0.2.tgz",
                "heavy": "https://registry.npmjs.org/heavy/-/heavy-4.0.2.tgz",
                "hoek": "https://registry.npmjs.org/hoek/-/hoek-4.0.2.tgz",
                "iron": "https://registry.npmjs.org/iron/-/iron-4.0.3.tgz",
                "items": "https://registry.npmjs.org/items/-/items-2.1.1.tgz",
                "joi": "https://registry.npmjs.org/joi/-/joi-9.0.4.tgz",
                "mimos": "https://registry.npmjs.org/mimos/-/mimos-3.0.3.tgz",
                "podium": "https://registry.npmjs.org/podium/-/podium-1.2.3.tgz",
                "shot": "https://registry.npmjs.org/shot/-/shot-3.3.2.tgz",
                "statehood": "https://registry.npmjs.org/statehood/-/statehood-5.0.0.tgz",
                "subtext": "https://registry.npmjs.org/subtext/-/subtext-4.3.0.tgz",
                "topo": "https://registry.npmjs.org/topo/-/topo-2.0.2.tgz"
            },
            "dependencies": {
                "accept": {
                    "version": "https://registry.npmjs.org/accept/-/accept-2.1.2.tgz",
                    "integrity": "sha1-VRh07Y8saLJwe/8qsl/hNT5GHWs=",
                    "requires": {
                        "boom": "https://registry.npmjs.org/boom/-/boom-3.2.2.tgz",
                        "hoek": "https://registry.npmjs.org/hoek/-/hoek-4.0.2.tgz"
                    },
                    "dependencies": {
                        "boom": {
                            "version": "https://registry.npmjs.org/boom/-/boom-3.2.2.tgz",
                            "integrity": "sha1-DwzF0ErcUAO4x9cfQsynJx/vDng=",
                            "requires": {
                                "hoek": "https://registry.npmjs.org/hoek/-/hoek-4.0.2.tgz"
                            }
                        }
                    }
                },
                "ammo": {
                    "version": "https://registry.npmjs.org/ammo/-/ammo-2.0.2.tgz",
                    "integrity": "sha1-NmxV97xPLyQhjtOk3UuN8TXC5so=",
                    "requires": {
                        "boom": "https://registry.npmjs.org/boom/-/boom-3.2.2.tgz",
                        "hoek": "https://registry.npmjs.org/hoek/-/hoek-4.0.2.tgz"
                    },
                    "dependencies": {
                        "boom": {
                            "version": "https://registry.npmjs.org/boom/-/boom-3.2.2.tgz",
                            "integrity": "sha1-DwzF0ErcUAO4x9cfQsynJx/vDng=",
                            "requires": {
                                "hoek": "https://registry.npmjs.org/hoek/-/hoek-4.0.2.tgz"
                            }
                        }
                    }
                },
                "boom": {
                    "version": "https://registry.npmjs.org/boom/-/boom-4.0.0.tgz",
                    "integrity": "sha1-fllGkmTq3bdP7fvBsWUk1pppRXc=",
                    "requires": {
                        "hoek": "https://registry.npmjs.org/hoek/-/hoek-4.0.2.tgz"
                    }
                },
                "call": {
                    "version": "https://registry.npmjs.org/call/-/call-3.0.3.tgz",
                    "integrity": "sha1-5HSN27t/Qa5AzuBV+LJwtzO/fI0=",
                    "requires": {
                        "boom": "https://registry.npmjs.org/boom/-/boom-3.2.2.tgz",
                        "hoek": "https://registry.npmjs.org/hoek/-/hoek-4.0.2.tgz"
                    },
                    "dependencies": {
                        "boom": {
                            "version": "https://registry.npmjs.org/boom/-/boom-3.2.2.tgz",
                            "integrity": "sha1-DwzF0ErcUAO4x9cfQsynJx/vDng=",
                            "requires": {
                                "hoek": "https://registry.npmjs.org/hoek/-/hoek-4.0.2.tgz"
                            }
                        }
                    }
                },
                "catbox": {
                    "version": "https://registry.npmjs.org/catbox/-/catbox-7.1.2.tgz",
                    "integrity": "sha1-RnIbHJmWdRP9e36UUXBqBe3+1a0=",
                    "requires": {
                        "boom": "https://registry.npmjs.org/boom/-/boom-3.2.2.tgz",
                        "hoek": "https://registry.npmjs.org/hoek/-/hoek-4.0.2.tgz",
                        "joi": "https://registry.npmjs.org/joi/-/joi-9.0.4.tgz"
                    },
                    "dependencies": {
                        "boom": {
                            "version": "https://registry.npmjs.org/boom/-/boom-3.2.2.tgz",
                            "integrity": "sha1-DwzF0ErcUAO4x9cfQsynJx/vDng=",
                            "requires": {
                                "hoek": "https://registry.npmjs.org/hoek/-/hoek-4.0.2.tgz"
                            }
                        }
                    }
                },
                "catbox-memory": {
                    "version": "https://registry.npmjs.org/catbox-memory/-/catbox-memory-2.0.3.tgz",
                    "integrity": "sha1-36qcFj+tND2a3W18H9x7Qps2nDg=",
                    "requires": {
                        "hoek": "https://registry.npmjs.org/hoek/-/hoek-4.0.2.tgz"
                    }
                },
                "cryptiles": {
                    "version": "https://registry.npmjs.org/cryptiles/-/cryptiles-3.0.2.tgz",
                    "integrity": "sha1-7M30qFuHVPFdC1Mg1Kt41A0PokQ=",
                    "requires": {
                        "boom": "https://registry.npmjs.org/boom/-/boom-3.2.2.tgz"
                    },
                    "dependencies": {
                        "boom": {
                            "version": "https://registry.npmjs.org/boom/-/boom-3.2.2.tgz",
                            "integrity": "sha1-DwzF0ErcUAO4x9cfQsynJx/vDng=",
                            "requires": {
                                "hoek": "https://registry.npmjs.org/hoek/-/hoek-4.0.2.tgz"
                            }
                        }
                    }
                },
                "heavy": {
                    "version": "https://registry.npmjs.org/heavy/-/heavy-4.0.2.tgz",
                    "integrity": "sha1-27Zs2l8BellPxsgwHfaZnqjVM/A=",
                    "requires": {
                        "boom": "https://registry.npmjs.org/boom/-/boom-3.2.2.tgz",
                        "hoek": "https://registry.npmjs.org/hoek/-/hoek-4.0.2.tgz",
                        "joi": "https://registry.npmjs.org/joi/-/joi-9.0.4.tgz"
                    },
                    "dependencies": {
                        "boom": {
                            "version": "https://registry.npmjs.org/boom/-/boom-3.2.2.tgz",
                            "integrity": "sha1-DwzF0ErcUAO4x9cfQsynJx/vDng=",
                            "requires": {
                                "hoek": "https://registry.npmjs.org/hoek/-/hoek-4.0.2.tgz"
                            }
                        }
                    }
                },
                "hoek": {
                    "version": "https://registry.npmjs.org/hoek/-/hoek-4.0.2.tgz",
                    "integrity": "sha1-e5afTIoa+KOMosZmxmv6bEL+LN0="
                },
                "iron": {
                    "version": "https://registry.npmjs.org/iron/-/iron-4.0.3.tgz",
                    "integrity": "sha1-DA0yUmYdihxhS+2e07B32A6g/Xg=",
                    "requires": {
                        "boom": "https://registry.npmjs.org/boom/-/boom-3.2.2.tgz",
                        "cryptiles": "https://registry.npmjs.org/cryptiles/-/cryptiles-3.0.2.tgz",
                        "hoek": "https://registry.npmjs.org/hoek/-/hoek-4.0.2.tgz"
                    },
                    "dependencies": {
                        "boom": {
                            "version": "https://registry.npmjs.org/boom/-/boom-3.2.2.tgz",
                            "integrity": "sha1-DwzF0ErcUAO4x9cfQsynJx/vDng=",
                            "requires": {
                                "hoek": "https://registry.npmjs.org/hoek/-/hoek-4.0.2.tgz"
                            }
                        }
                    }
                },
                "items": {
                    "version": "https://registry.npmjs.org/items/-/items-2.1.1.tgz",
                    "integrity": "sha1-i9FtnIOxlSneWuoyGsqtp4NkoZg="
                },
                "joi": {
                    "version": "https://registry.npmjs.org/joi/-/joi-9.0.4.tgz",
                    "integrity": "sha1-iNZIkJFavrEnzXVwJxFtUN8+aN8=",
                    "requires": {
                        "hoek": "https://registry.npmjs.org/hoek/-/hoek-4.0.2.tgz",
                        "isemail": "https://registry.npmjs.org/isemail/-/isemail-2.2.1.tgz",
                        "items": "https://registry.npmjs.org/items/-/items-2.1.1.tgz",
                        "moment": "https://registry.npmjs.org/moment/-/moment-2.14.1.tgz",
                        "topo": "https://registry.npmjs.org/topo/-/topo-2.0.2.tgz"
                    },
                    "dependencies": {
                        "isemail": {
                            "version": "https://registry.npmjs.org/isemail/-/isemail-2.2.1.tgz",
                            "integrity": "sha1-A1PT2aYpUQgMJiwqoKQrjqjp4qY="
                        },
                        "moment": {
                            "version": "https://registry.npmjs.org/moment/-/moment-2.14.1.tgz",
                            "integrity": "sha1-s1snxH5X7S3ccAU9awe+zbKRdBw="
                        }
                    }
                },
                "mimos": {
                    "version": "https://registry.npmjs.org/mimos/-/mimos-3.0.3.tgz",
                    "integrity": "sha1-uRCQcq03jCty9qAQHEPd+ys2ZB8=",
                    "requires": {
                        "hoek": "https://registry.npmjs.org/hoek/-/hoek-4.0.2.tgz",
                        "mime-db": "https://registry.npmjs.org/mime-db/-/mime-db-1.23.0.tgz"
                    },
                    "dependencies": {
                        "mime-db": {
                            "version": "https://registry.npmjs.org/mime-db/-/mime-db-1.23.0.tgz",
                            "integrity": "sha1-oxtAcK2uon1zLqMzdApk0OyaZlk="
                        }
                    }
                },
                "podium": {
                    "version": "https://registry.npmjs.org/podium/-/podium-1.2.3.tgz",
                    "integrity": "sha1-XJW3zC9ch90yTgrUqTY6xi1ms3E=",
                    "requires": {
                        "hoek": "https://registry.npmjs.org/hoek/-/hoek-4.0.2.tgz",
                        "items": "https://registry.npmjs.org/items/-/items-2.1.1.tgz",
                        "joi": "https://registry.npmjs.org/joi/-/joi-9.0.4.tgz"
                    }
                },
                "shot": {
                    "version": "https://registry.npmjs.org/shot/-/shot-3.3.2.tgz",
                    "integrity": "sha1-aRwmEXWd7MIEh7INJcwpnznl+bc=",
                    "requires": {
                        "hoek": "https://registry.npmjs.org/hoek/-/hoek-4.0.2.tgz",
                        "joi": "https://registry.npmjs.org/joi/-/joi-9.0.4.tgz"
                    }
                },
                "statehood": {
                    "version": "https://registry.npmjs.org/statehood/-/statehood-5.0.0.tgz",
                    "integrity": "sha1-ziKFqr6uOYrofLunRhhLdZm4+jE=",
                    "requires": {
                        "boom": "https://registry.npmjs.org/boom/-/boom-3.2.2.tgz",
                        "cryptiles": "https://registry.npmjs.org/cryptiles/-/cryptiles-3.0.2.tgz",
                        "hoek": "https://registry.npmjs.org/hoek/-/hoek-4.0.2.tgz",
                        "iron": "https://registry.npmjs.org/iron/-/iron-4.0.3.tgz",
                        "items": "https://registry.npmjs.org/items/-/items-2.1.1.tgz",
                        "joi": "https://registry.npmjs.org/joi/-/joi-9.0.4.tgz"
                    },
                    "dependencies": {
                        "boom": {
                            "version": "https://registry.npmjs.org/boom/-/boom-3.2.2.tgz",
                            "integrity": "sha1-DwzF0ErcUAO4x9cfQsynJx/vDng=",
                            "requires": {
                                "hoek": "https://registry.npmjs.org/hoek/-/hoek-4.0.2.tgz"
                            }
                        }
                    }
                },
                "subtext": {
                    "version": "https://registry.npmjs.org/subtext/-/subtext-4.3.0.tgz",
                    "integrity": "sha1-36yQSS7DVmn9bgDG5dk4sG18z7s=",
                    "requires": {
                        "boom": "https://registry.npmjs.org/boom/-/boom-4.0.0.tgz",
                        "content": "https://registry.npmjs.org/content/-/content-3.0.2.tgz",
                        "hoek": "https://registry.npmjs.org/hoek/-/hoek-4.0.2.tgz",
                        "pez": "https://registry.npmjs.org/pez/-/pez-2.1.2.tgz",
                        "wreck": "https://registry.npmjs.org/wreck/-/wreck-10.0.0.tgz"
                    },
                    "dependencies": {
                        "content": {
                            "version": "https://registry.npmjs.org/content/-/content-3.0.2.tgz",
                            "integrity": "sha1-8di0w6uyHqTA4hc/Q6wCKaTtbRw=",
                            "requires": {
                                "boom": "https://registry.npmjs.org/boom/-/boom-3.2.2.tgz"
                            },
                            "dependencies": {
                                "boom": {
                                    "version": "https://registry.npmjs.org/boom/-/boom-3.2.2.tgz",
                                    "integrity": "sha1-DwzF0ErcUAO4x9cfQsynJx/vDng=",
                                    "requires": {
                                        "hoek": "https://registry.npmjs.org/hoek/-/hoek-4.0.2.tgz"
                                    }
                                }
                            }
                        },
                        "pez": {
                            "version": "https://registry.npmjs.org/pez/-/pez-2.1.2.tgz",
                            "integrity": "sha1-0dEjcXkqVYluI+IeUJxAle0IHbI=",
                            "requires": {
                                "b64": "https://registry.npmjs.org/b64/-/b64-3.0.2.tgz",
                                "boom": "https://registry.npmjs.org/boom/-/boom-3.2.2.tgz",
                                "content": "https://registry.npmjs.org/content/-/content-3.0.2.tgz",
                                "hoek": "https://registry.npmjs.org/hoek/-/hoek-4.0.2.tgz",
                                "nigel": "https://registry.npmjs.org/nigel/-/nigel-2.0.2.tgz"
                            },
                            "dependencies": {
                                "b64": {
                                    "version": "https://registry.npmjs.org/b64/-/b64-3.0.2.tgz",
                                    "integrity": "sha1-ep1gRmrfe43hFMvfZRpf38yQiU0="
                                },
                                "boom": {
                                    "version": "https://registry.npmjs.org/boom/-/boom-3.2.2.tgz",
                                    "integrity": "sha1-DwzF0ErcUAO4x9cfQsynJx/vDng=",
                                    "requires": {
                                        "hoek": "https://registry.npmjs.org/hoek/-/hoek-4.0.2.tgz"
                                    }
                                },
                                "nigel": {
                                    "version": "https://registry.npmjs.org/nigel/-/nigel-2.0.2.tgz",
                                    "integrity": "sha1-k6GGb7DFLYc5CqdeKxYfS1x15bE=",
                                    "requires": {
                                        "hoek": "https://registry.npmjs.org/hoek/-/hoek-4.0.2.tgz",
                                        "vise": "https://registry.npmjs.org/vise/-/vise-2.0.2.tgz"
                                    },
                                    "dependencies": {
                                        "vise": {
                                            "version": "https://registry.npmjs.org/vise/-/vise-2.0.2.tgz",
                                            "integrity": "sha1-awjo+0y3bjpQzW3Q7DczjoEaDTk=",
                                            "requires": {
                                                "hoek": "https://registry.npmjs.org/hoek/-/hoek-4.0.2.tgz"
                                            }
                                        }
                                    }
                                }
                            }
                        },
                        "wreck": {
                            "version": "https://registry.npmjs.org/wreck/-/wreck-10.0.0.tgz",
                            "integrity": "sha1-mKuIL4XhalJjMlB/EB9aeEEWIng=",
                            "requires": {
                                "boom": "https://registry.npmjs.org/boom/-/boom-4.0.0.tgz",
                                "hoek": "https://registry.npmjs.org/hoek/-/hoek-4.0.2.tgz"
                            }
                        }
                    }
                },
                "topo": {
                    "version": "https://registry.npmjs.org/topo/-/topo-2.0.2.tgz",
                    "integrity": "sha1-zVYVdSU5BXwNwEkaYhw7xvvh0YI=",
                    "requires": {
                        "hoek": "https://registry.npmjs.org/hoek/-/hoek-4.0.2.tgz"
                    }
                }
            }
        },
        "hoek": {
            "version": "https://registry.npmjs.org/hoek/-/hoek-4.1.0.tgz",
            "integrity": "sha1-SkVXRg9phC7UY6oAYozCbSaDr6c="
        },
        "inert": {
            "version": "https://registry.npmjs.org/inert/-/inert-4.1.0.tgz",
            "integrity": "sha1-5o35+wuH2K1ojjQo2q811iO2T10=",
            "requires": {
                "ammo": "https://registry.npmjs.org/ammo/-/ammo-2.0.3.tgz",
                "boom": "https://registry.npmjs.org/boom/-/boom-4.2.0.tgz",
                "hoek": "https://registry.npmjs.org/hoek/-/hoek-4.1.0.tgz",
                "items": "https://registry.npmjs.org/items/-/items-2.1.1.tgz",
                "joi": "https://registry.npmjs.org/joi/-/joi-10.1.0.tgz",
                "lru-cache": "https://registry.npmjs.org/lru-cache/-/lru-cache-4.0.2.tgz"
            }
        },
        "inherits": {
            "version": "https://registry.npmjs.org/inherits/-/inherits-2.0.1.tgz",
            "integrity": "sha1-sX0I0ya0Qj5Wjv9xn5GwscvfafE="
        },
        "ip": {
            "version": "https://registry.npmjs.org/ip/-/ip-1.1.4.tgz",
            "integrity": "sha1-3oJH/++UBFGDJVD7ooSUXm4Dm/s="
        },
        "isemail": {
            "version": "https://registry.npmjs.org/isemail/-/isemail-2.2.1.tgz",
            "integrity": "sha1-A1PT2aYpUQgMJiwqoKQrjqjp4qY="
        },
        "items": {
            "version": "https://registry.npmjs.org/items/-/items-2.1.1.tgz",
            "integrity": "sha1-i9FtnIOxlSneWuoyGsqtp4NkoZg="
        },
        "joi": {
            "version": "https://registry.npmjs.org/joi/-/joi-10.1.0.tgz",
            "integrity": "sha1-jDqHV3wVn/66EppQVPMjj579cVk=",
            "requires": {
                "hoek": "https://registry.npmjs.org/hoek/-/hoek-4.1.0.tgz",
                "isemail": "https://registry.npmjs.org/isemail/-/isemail-2.2.1.tgz",
                "items": "https://registry.npmjs.org/items/-/items-2.1.1.tgz",
                "topo": "https://registry.npmjs.org/topo/-/topo-2.0.2.tgz"
            }
        },
        "lru-cache": {
            "version": "https://registry.npmjs.org/lru-cache/-/lru-cache-4.0.2.tgz",
            "integrity": "sha1-HRdnnAac2l0ECZGgnbwsDbN35V4=",
            "requires": {
                "pseudomap": "https://registry.npmjs.org/pseudomap/-/pseudomap-1.0.2.tgz",
                "yallist": "https://registry.npmjs.org/yallist/-/yallist-2.0.0.tgz"
            }
        },
        "path": {
            "version": "https://registry.npmjs.org/path/-/path-0.12.7.tgz",
            "integrity": "sha1-1NwqUGxM4hl+tIHr/NWzbAFAsQ8=",
            "requires": {
                "process": "https://registry.npmjs.org/process/-/process-0.11.9.tgz",
                "util": "https://registry.npmjs.org/util/-/util-0.10.3.tgz"
            }
        },
        "process": {
            "version": "https://registry.npmjs.org/process/-/process-0.11.9.tgz",
            "integrity": "sha1-e9WtIapiU+fahoImTx4R0RwDGME="
        },
        "pseudomap": {
            "version": "https://registry.npmjs.org/pseudomap/-/pseudomap-1.0.2.tgz",
            "integrity": "sha1-8FKijacOYYkX7wqKw0wa5aaChrM="
        },
        "topo": {
            "version": "https://registry.npmjs.org/topo/-/topo-2.0.2.tgz",
            "integrity": "sha1-zVYVdSU5BXwNwEkaYhw7xvvh0YI=",
            "requires": {
                "hoek": "https://registry.npmjs.org/hoek/-/hoek-4.1.0.tgz"
            }
        },
        "util": {
            "version": "https://registry.npmjs.org/util/-/util-0.10.3.tgz",
            "integrity": "sha1-evsa/lCAUkZInj23/g7TeTNqwPk=",
            "requires": {
                "inherits": "https://registry.npmjs.org/inherits/-/inherits-2.0.1.tgz"
            }
        },
        "yallist": {
            "version": "https://registry.npmjs.org/yallist/-/yallist-2.0.0.tgz",
            "integrity": "sha1-MGxUODXwnuGkyyO3vOmrNByRzdQ="
        }
    }
}
